
Microsoft Visual Studio Solution File, Format Version 12.00
# Visual Studio 15
VisualStudioVersion = 15.0.27004.2010
MinimumVisualStudioVersion = 10.0.40219.1
Project("{FAE04EC0-301F-11D3-BF4B-00C04F79EFBC}") = "DatatableCRUD", "DatatableCRUD\DatatableCRUD.csproj", "{617C5730-A2B9-4BC6-84FE-E069E4327434}"
EndProject
Global
	GlobalSection(SolutionConfigurationPlatforms) = preSolution
		Debug|Any CPU = Debug|Any CPU
		Release|Any CPU = Release|Any CPU
	EndGlobalSection
	GlobalSection(ProjectConfigurationPlatforms) = postSolution
		{617C5730-A2B9-4BC6-84FE-E069E4327434}.Debug|Any CPU.ActiveCfg = Debug|Any CPU
		{617C5730-A2B9-4BC6-84FE-E069E4327434}.Debug|Any CPU.Build.0 = Debug|Any CPU
		{617C5730-A2B9-4BC6-84FE-E069E4327434}.Release|Any CPU.ActiveCfg = Release|Any CPU
		{617C5730-A2B9-4BC6-84FE-E069E4327434}.Release|Any CPU.Build.0 = Release|Any CPU
	EndGlobalSection
	GlobalSection(SolutionProperties) = preSolution
		HideSolutionNode = FALSE
	EndGlobalSection
	GlobalSection(ExtensibilityGlobals) = postSolution
		SolutionGuid = {1B9F5EB0-1E66-48B9-887A-3F4E4382BC1E}
	EndGlobalSection
EndGlobal
